
Microsoft Visual Studio Solution File, Format Version 12.00
# Visual Studio 15
VisualStudioVersion = 15.0.28010.2026
MinimumVisualStudioVersion = 10.0.40219.1
Project("{FAE04EC0-301F-11D3-BF4B-00C04F79EFBC}") = "PDF-Tools", "PDF-Tools\PDF-Tools.csproj", "{7ABE2020-E526-445E-97E5-ADB93C872D1B}"
EndProject
Global
	GlobalSection(SolutionConfigurationPlatforms) = preSolution
		Debug|Any CPU = Debug|Any CPU
		Release|Any CPU = Release|Any CPU
	EndGlobalSection
	GlobalSection(ProjectConfigurationPlatforms) = postSolution
		{7ABE2020-E526-445E-97E5-ADB93C872D1B}.Debug|Any CPU.ActiveCfg = Debug|Any CPU
		{7ABE2020-E526-445E-97E5-ADB93C872D1B}.Debug|Any CPU.Build.0 = Debug|Any CPU
		{7ABE2020-E526-445E-97E5-ADB93C872D1B}.Release|Any CPU.ActiveCfg = Release|Any CPU
		{7ABE2020-E526-445E-97E5-ADB93C872D1B}.Release|Any CPU.Build.0 = Release|Any CPU
	EndGlobalSection
	GlobalSection(SolutionProperties) = preSolution
		HideSolutionNode = FALSE
	EndGlobalSection
	GlobalSection(ExtensibilityGlobals) = postSolution
		SolutionGuid = {3A9C3D7F-75B5-432B-9676-F9B2FE004709}
	EndGlobalSection
EndGlobal
